# THIS IS AN AUTOGENERATED FILE. DO NOT EDIT THIS FILE DIRECTLY.
# yarn lockfile v1


"@biomejs/biome@^1.9.3":
  version "1.9.4"
  resolved "https://packages.atlassian.com/api/npm/npm-remote/@biomejs/biome/-/biome-1.9.4.tgz#89766281cbc3a0aae865a7ff13d6aaffea2842bf"
  integrity sha512-1rkd7G70+o9KkTn5KLmDYXihGoTaIGO9PIIN2ZB7UJxFrWw04CZHPYiMRjYsaDvVV7hP1dYNRLxSANLaBFGpog==
  optionalDependencies:
    "@biomejs/cli-darwin-arm64" "1.9.4"
    "@biomejs/cli-darwin-x64" "1.9.4"
    "@biomejs/cli-linux-arm64" "1.9.4"
    "@biomejs/cli-linux-arm64-musl" "1.9.4"
    "@biomejs/cli-linux-x64" "1.9.4"
    "@biomejs/cli-linux-x64-musl" "1.9.4"
    "@biomejs/cli-win32-arm64" "1.9.4"
    "@biomejs/cli-win32-x64" "1.9.4"

"@biomejs/cli-darwin-arm64@1.9.4":
  version "1.9.4"
  resolved "https://packages.atlassian.com/api/npm/npm-remote/@biomejs/cli-darwin-arm64/-/cli-darwin-arm64-1.9.4.tgz#dfa376d23a54a2d8f17133c92f23c1bf2e62509f"
  integrity sha512-bFBsPWrNvkdKrNCYeAp+xo2HecOGPAy9WyNyB/jKnnedgzl4W4Hb9ZMzYNbf8dMCGmUdSavlYHiR01QaYR58cw==

"@biomejs/cli-darwin-x64@1.9.4":
  version "1.9.4"
  resolved "https://packages.atlassian.com/api/npm/npm-remote/@biomejs/cli-darwin-x64/-/cli-darwin-x64-1.9.4.tgz#eafc2ce3849d385fc02238aad1ca4a73395a64d9"
  integrity sha512-ngYBh/+bEedqkSevPVhLP4QfVPCpb+4BBe2p7Xs32dBgs7rh9nY2AIYUL6BgLw1JVXV8GlpKmb/hNiuIxfPfZg==

"@biomejs/cli-linux-arm64-musl@1.9.4":
  version "1.9.4"
  resolved "https://packages.atlassian.com/api/npm/npm-remote/@biomejs/cli-linux-arm64-musl/-/cli-linux-arm64-musl-1.9.4.tgz#d780c3e01758fc90f3268357e3f19163d1f84fca"
  integrity sha512-v665Ct9WCRjGa8+kTr0CzApU0+XXtRgwmzIf1SeKSGAv+2scAlW6JR5PMFo6FzqqZ64Po79cKODKf3/AAmECqA==

"@biomejs/cli-linux-arm64@1.9.4":
  version "1.9.4"
  resolved "https://packages.atlassian.com/api/npm/npm-remote/@biomejs/cli-linux-arm64/-/cli-linux-arm64-1.9.4.tgz#8ed1dd0e89419a4b66a47f95aefb8c46ae6041c9"
  integrity sha512-fJIW0+LYujdjUgJJuwesP4EjIBl/N/TcOX3IvIHJQNsAqvV2CHIogsmA94BPG6jZATS4Hi+xv4SkBBQSt1N4/g==

"@biomejs/cli-linux-x64-musl@1.9.4":
  version "1.9.4"
  resolved "https://packages.atlassian.com/api/npm/npm-remote/@biomejs/cli-linux-x64-musl/-/cli-linux-x64-musl-1.9.4.tgz#f36982b966bd671a36671e1de4417963d7db15fb"
  integrity sha512-gEhi/jSBhZ2m6wjV530Yy8+fNqG8PAinM3oV7CyO+6c3CEh16Eizm21uHVsyVBEB6RIM8JHIl6AGYCv6Q6Q9Tg==

"@biomejs/cli-linux-x64@1.9.4":
  version "1.9.4"
  resolved "https://packages.atlassian.com/api/npm/npm-remote/@biomejs/cli-linux-x64/-/cli-linux-x64-1.9.4.tgz#a0a7f56680c76b8034ddc149dbf398bdd3a462e8"
  integrity sha512-lRCJv/Vi3Vlwmbd6K+oQ0KhLHMAysN8lXoCI7XeHlxaajk06u7G+UsFSO01NAs5iYuWKmVZjmiOzJ0OJmGsMwg==

"@biomejs/cli-win32-arm64@1.9.4":
  version "1.9.4"
  resolved "https://packages.atlassian.com/api/npm/npm-remote/@biomejs/cli-win32-arm64/-/cli-win32-arm64-1.9.4.tgz#e2ef4e0084e76b7e26f0fc887c5ef1265ea56200"
  integrity sha512-tlbhLk+WXZmgwoIKwHIHEBZUwxml7bRJgk0X2sPyNR3S93cdRq6XulAZRQJ17FYGGzWne0fgrXBKpl7l4M87Hg==

"@biomejs/cli-win32-x64@1.9.4":
  version "1.9.4"
  resolved "https://packages.atlassian.com/api/npm/npm-remote/@biomejs/cli-win32-x64/-/cli-win32-x64-1.9.4.tgz#4c7afa90e3970213599b4095e62f87e5972b2340"
  integrity sha512-8Y5wMhVIPaWe6jw2H+KlEm4wP/f7EW3810ZLmDlrEEy5KvBsb9ECEfu/kMWD484ijfQ8+nIi0giMgu9g1UAuuA==

"@module-federation/runtime-tools@0.5.1":
  version "0.5.1"
  resolved "https://packages.atlassian.com/api/npm/npm-remote/@module-federation/runtime-tools/-/runtime-tools-0.5.1.tgz#1b1f93837159a6bf0c0ba78730d589a5a8f74aa3"
  integrity sha512-nfBedkoZ3/SWyO0hnmaxuz0R0iGPSikHZOAZ0N/dVSQaIzlffUo35B5nlC2wgWIc0JdMZfkwkjZRrnuuDIJbzg==
  dependencies:
    "@module-federation/runtime" "0.5.1"
    "@module-federation/webpack-bundler-runtime" "0.5.1"

"@module-federation/runtime@0.5.1":
  version "0.5.1"
  resolved "https://packages.atlassian.com/api/npm/npm-remote/@module-federation/runtime/-/runtime-0.5.1.tgz#b548a75e2068952ff66ad717cbf73fc921edd5d7"
  integrity sha512-xgiMUWwGLWDrvZc9JibuEbXIbhXg6z2oUkemogSvQ4LKvrl/n0kbqP1Blk669mXzyWbqtSp6PpvNdwaE1aN5xQ==
  dependencies:
    "@module-federation/sdk" "0.5.1"

"@module-federation/sdk@0.5.1":
  version "0.5.1"
  resolved "https://packages.atlassian.com/api/npm/npm-remote/@module-federation/sdk/-/sdk-0.5.1.tgz#6c0a4053c23fa84db7aae7e4736496c541de7191"
  integrity sha512-exvchtjNURJJkpqjQ3/opdbfeT2wPKvrbnGnyRkrwW5o3FH1LaST1tkiNviT6OXTexGaVc2DahbdniQHVtQ7pA==

"@module-federation/webpack-bundler-runtime@0.5.1":
  version "0.5.1"
  resolved "https://packages.atlassian.com/api/npm/npm-remote/@module-federation/webpack-bundler-runtime/-/webpack-bundler-runtime-0.5.1.tgz#ef626af0d57e3568c474d66d7d3797366e09cafd"
  integrity sha512-mMhRFH0k2VjwHt3Jol9JkUsmI/4XlrAoBG3E0o7HoyoPYv1UFOWyqAflfANcUPgbYpvqmyLzDcO+3IT36LXnrA==
  dependencies:
    "@module-federation/runtime" "0.5.1"
    "@module-federation/sdk" "0.5.1"

"@pixi/colord@^2.9.6":
  version "2.9.6"
  resolved "https://packages.atlassian.com/api/npm/npm-remote/@pixi/colord/-/colord-2.9.6.tgz#7e4e7851480da6fd3cef4e331f008d60be7e1204"
  integrity sha512-nezytU2pw587fQstUu1AsJZDVEynjskwOL+kibwcdxsMBFqPsFFNA7xl0ii/gXuDi6M0xj3mfRJj8pBSc2jCfA==

"@rsbuild/core@^1.1.8":
  version "1.1.13"
  resolved "https://packages.atlassian.com/api/npm/npm-remote/@rsbuild/core/-/core-1.1.13.tgz#8e6c0304582674b82613d1bb1acdaf6eb553299e"
  integrity sha512-XBL2hrin8731W6iTGGL+x3cv07n4vm2D7u6XHRwtQkRfySzAqGx7ThlQLdNX/dJwfsoQrYQuWl/qzaljjXtGtg==
  dependencies:
    "@rspack/core" "1.1.8"
    "@rspack/lite-tapable" "~1.0.1"
    "@swc/helpers" "^0.5.15"
    core-js "~3.39.0"

"@rspack/binding-darwin-arm64@1.1.8":
  version "1.1.8"
  resolved "https://packages.atlassian.com/api/npm/npm-remote/@rspack/binding-darwin-arm64/-/binding-darwin-arm64-1.1.8.tgz#aedce2a27148a2454c0a931030467415c0df042d"
  integrity sha512-I7avr471ghQ3LAqKm2fuXuJPLgQ9gffn5Q4nHi8rsukuZUtiLDPfYzK1QuupEp2JXRWM1gG5lIbSUOht3cD6Ug==

"@rspack/binding-darwin-x64@1.1.8":
  version "1.1.8"
  resolved "https://packages.atlassian.com/api/npm/npm-remote/@rspack/binding-darwin-x64/-/binding-darwin-x64-1.1.8.tgz#42bc8578bdfa00105487186ae8f45b3f7872820b"
  integrity sha512-vfqf/c+mcx8rr1M8LnqKmzDdnrgguflZnjGerBLjNerAc+dcUp3lCvNxRIvZ2TkSZZBW8BpCMgjj3n70CZ4VLQ==

"@rspack/binding-linux-arm64-gnu@1.1.8":
  version "1.1.8"
  resolved "https://packages.atlassian.com/api/npm/npm-remote/@rspack/binding-linux-arm64-gnu/-/binding-linux-arm64-gnu-1.1.8.tgz#1012dccfb20653c977d3ead4666357937d068f9d"
  integrity sha512-lZlO/rAJSeozi+qtVLkGSXfe+riPawCwM4FsrflELfNlvvEXpANwtrdJ+LsaNVXcgvhh50ZX2KicTdmx9G2b6Q==

"@rspack/binding-linux-arm64-musl@1.1.8":
  version "1.1.8"
  resolved "https://packages.atlassian.com/api/npm/npm-remote/@rspack/binding-linux-arm64-musl/-/binding-linux-arm64-musl-1.1.8.tgz#ff8a1cbe532bbf9a4ae8cf73bd949e773f16a9a9"
  integrity sha512-bX7exULSZwy8xtDh6Z65b6sRC4uSxGuyvSLCEKyhmG6AnJkg0gQMxk3hoO0hWnyGEZgdJEn+jEhk0fjl+6ZRAQ==

"@rspack/binding-linux-x64-gnu@1.1.8":
  version "1.1.8"
  resolved "https://packages.atlassian.com/api/npm/npm-remote/@rspack/binding-linux-x64-gnu/-/binding-linux-x64-gnu-1.1.8.tgz#bdec8ba27e764a926a7f27b90d2da6507558bc68"
  integrity sha512-2Prw2USgTJ3aLdLExfik8pAwAHbX4MZrACBGEmR7Vbb56kLjC+++fXkciRc50pUDK4JFr1VQ7eNZrJuDR6GG6Q==

"@rspack/binding-linux-x64-musl@1.1.8":
  version "1.1.8"
  resolved "https://packages.atlassian.com/api/npm/npm-remote/@rspack/binding-linux-x64-musl/-/binding-linux-x64-musl-1.1.8.tgz#3abaf3e513ed7e3481225293d235f41f4ab0ae8d"
  integrity sha512-bnVGB/mQBKEdzOU/CPmcOE3qEXxGOGGW7/i6iLl2MamVOykJq8fYjL9j86yi6L0r009ja16OgWckykQGc4UqGw==

"@rspack/binding-win32-arm64-msvc@1.1.8":
  version "1.1.8"
  resolved "https://packages.atlassian.com/api/npm/npm-remote/@rspack/binding-win32-arm64-msvc/-/binding-win32-arm64-msvc-1.1.8.tgz#5c63ffb726ac2d5ea87c36da11f30fd42c7601bc"
  integrity sha512-u+na3gxhzeksm4xZyAzn1+XWo5a5j7hgWA/KcFPDQ8qQNkRknx4jnQMxVtcZ9pLskAYV4AcOV/AIximx7zvv8A==

"@rspack/binding-win32-ia32-msvc@1.1.8":
  version "1.1.8"
  resolved "https://packages.atlassian.com/api/npm/npm-remote/@rspack/binding-win32-ia32-msvc/-/binding-win32-ia32-msvc-1.1.8.tgz#25d41f41a68c84c74f8cd862c53c3110b2c034f3"
  integrity sha512-FijUxym1INd5fFHwVCLuVP8XEAb4Sk1sMwEEQUlugiDra9ZsLaPw4OgPGxbxkD6SB0DeUz9Zq46Xbcf6d3OgfA==

"@rspack/binding-win32-x64-msvc@1.1.8":
  version "1.1.8"
  resolved "https://packages.atlassian.com/api/npm/npm-remote/@rspack/binding-win32-x64-msvc/-/binding-win32-x64-msvc-1.1.8.tgz#a5881beeedb1058ec39559dc1f4bcfea731ea232"
  integrity sha512-SBzIcND4qpDt71jlu1MCDxt335tqInT3YID9V4DoQ4t8wgM/uad7EgKOWKTK6vc2RRaOIShfS2XzqjNUxPXh4w==

"@rspack/binding@1.1.8":
  version "1.1.8"
  resolved "https://packages.atlassian.com/api/npm/npm-remote/@rspack/binding/-/binding-1.1.8.tgz#4f99f2add813210d58f3d8142ed98bbf60e51078"
  integrity sha512-+/JzXx1HctfgPj+XtsCTbRkxiaOfAXGZZLEvs7jgp04WgWRSZ5u97WRCePNPvy+sCfOEH/2zw2ZK36Z7oQRGhQ==
  optionalDependencies:
    "@rspack/binding-darwin-arm64" "1.1.8"
    "@rspack/binding-darwin-x64" "1.1.8"
    "@rspack/binding-linux-arm64-gnu" "1.1.8"
    "@rspack/binding-linux-arm64-musl" "1.1.8"
    "@rspack/binding-linux-x64-gnu" "1.1.8"
    "@rspack/binding-linux-x64-musl" "1.1.8"
    "@rspack/binding-win32-arm64-msvc" "1.1.8"
    "@rspack/binding-win32-ia32-msvc" "1.1.8"
    "@rspack/binding-win32-x64-msvc" "1.1.8"

"@rspack/core@1.1.8":
  version "1.1.8"
  resolved "https://packages.atlassian.com/api/npm/npm-remote/@rspack/core/-/core-1.1.8.tgz#46079db6cb01b8e0028ffd2ac54c7a9678674e74"
  integrity sha512-pcZtcj5iXLCuw9oElTYC47bp/RQADm/MMEb3djHdwJuSlFWfWPQi5QFgJ/lJAxIW9UNHnTFrYtytycfjpuoEcA==
  dependencies:
    "@module-federation/runtime-tools" "0.5.1"
    "@rspack/binding" "1.1.8"
    "@rspack/lite-tapable" "1.0.1"
    caniuse-lite "^1.0.30001616"

"@rspack/lite-tapable@1.0.1", "@rspack/lite-tapable@~1.0.1":
  version "1.0.1"
  resolved "https://packages.atlassian.com/api/npm/npm-remote/@rspack/lite-tapable/-/lite-tapable-1.0.1.tgz#d4540a5d28bd6177164bc0ba0bee4bdec0458591"
  integrity sha512-VynGOEsVw2s8TAlLf/uESfrgfrq2+rcXB1muPJYBWbsm1Oa6r5qVQhjA5ggM6z/coYPrsVMgovl3Ff7Q7OCp1w==

"@swc/helpers@^0.5.15":
  version "0.5.15"
  resolved "https://packages.atlassian.com/api/npm/npm-remote/@swc/helpers/-/helpers-0.5.15.tgz#79efab344c5819ecf83a43f3f9f811fc84b516d7"
  integrity sha512-JQ5TuMi45Owi4/BIMAJBoSQoOJu12oOk/gADqlcUL9JEdHB8vyjUSsxqeNXnmXHjYKMi2WcYtezGEEhqUI/E2g==
  dependencies:
    tslib "^2.8.0"

"@types/css-font-loading-module@^0.0.12":
  version "0.0.12"
  resolved "https://packages.atlassian.com/api/npm/npm-remote/@types/css-font-loading-module/-/css-font-loading-module-0.0.12.tgz#65494833928823f998fbe8e86312821875d80db5"
  integrity sha512-x2tZZYkSxXqWvTDgveSynfjq/T2HyiZHXb00j/+gy19yp70PHCizM48XFdjBCWH7eHBD0R5i/pw9yMBP/BH5uA==

"@types/earcut@^2.1.4":
  version "2.1.4"
  resolved "https://packages.atlassian.com/api/npm/npm-remote/@types/earcut/-/earcut-2.1.4.tgz#5811d7d333048f5a7573b22ddc84923e69596da6"
  integrity sha512-qp3m9PPz4gULB9MhjGID7wpo3gJ4bTGXm7ltNDsmOvsPduTeHp8wSW9YckBj3mljeOh4F0m2z/0JKAALRKbmLQ==

"@types/node@^22.10.2":
  version "22.10.2"
  resolved "https://packages.atlassian.com/api/npm/npm-remote/@types/node/-/node-22.10.2.tgz#a485426e6d1fdafc7b0d4c7b24e2c78182ddabb9"
  integrity sha512-Xxr6BBRCAOQixvonOye19wnzyDiUtTeqldOOmj3CkeblonbccA12PFwlufvRdrpjXxqnmUaeiU5EOA+7s5diUQ==
  dependencies:
    undici-types "~6.20.0"

"@webgpu/types@^0.1.40":
  version "0.1.52"
  resolved "https://packages.atlassian.com/api/npm/npm-remote/@webgpu/types/-/types-0.1.52.tgz#239995418d86de927269aca54cbadfbee04eb03a"
  integrity sha512-eI883Nlag2hGIkhXxAnq8s4APpqXWuPL3Gbn2ghiU12UjLvfCbVqHK4XfXl3eLRTatqcMmeK7jws7IwWsGfbzw==

"@xmldom/xmldom@^0.8.10":
  version "0.8.10"
  resolved "https://packages.atlassian.com/api/npm/npm-remote/@xmldom/xmldom/-/xmldom-0.8.10.tgz#a1337ca426aa61cef9fe15b5b28e340a72f6fa99"
  integrity sha512-2WALfTl4xo2SkGCYRt6rDTFfk9R1czmBvUQy12gK2KuRKIpWEhcbbzy8EZXtz/jkRqHX8bFEc6FC1HjX4TUWYw==

caniuse-lite@^1.0.30001616:
  version "1.0.30001690"
  resolved "https://packages.atlassian.com/api/npm/npm-remote/caniuse-lite/-/caniuse-lite-1.0.30001690.tgz#f2d15e3aaf8e18f76b2b8c1481abde063b8104c8"
  integrity sha512-5ExiE3qQN6oF8Clf8ifIDcMRCRE/dMGcETG/XGMD8/XiXm6HXQgQTh1yZYLXXpSOsEUlJm1Xr7kGULZTuGtP/w==

core-js@~3.39.0:
  version "3.39.0"
  resolved "https://packages.atlassian.com/api/npm/npm-remote/core-js/-/core-js-3.39.0.tgz#57f7647f4d2d030c32a72ea23a0555b2eaa30f83"
  integrity sha512-raM0ew0/jJUqkJ0E6e8UDtl+y/7ktFivgWvqw8dNSQeNWoSDLvQ1H/RN3aPXB9tBd4/FhyR4RDPGhsNIMsAn7g==

earcut@^2.2.4:
  version "2.2.4"
  resolved "https://packages.atlassian.com/api/npm/npm-remote/earcut/-/earcut-2.2.4.tgz#6d02fd4d68160c114825d06890a92ecaae60343a"
  integrity sha512-/pjZsA1b4RPHbeWZQn66SWS8nZZWLQQ23oE3Eam7aroEFGEvwKAsJfZ9ytiEMycfzXWpca4FA9QIOehf7PocBQ==

eventemitter3@^5.0.1:
  version "5.0.1"
  resolved "https://packages.atlassian.com/api/npm/npm-remote/eventemitter3/-/eventemitter3-5.0.1.tgz#53f5ffd0a492ac800721bb42c66b841de96423c4"
  integrity sha512-GWkBvjiSZK87ELrYOSESUYeVIc9mvLLf/nXalMOS5dYrgZq9o5OVkbZAVM06CVxYsCwH9BDZFPlQTlPA1j4ahA==

ismobilejs@^1.1.1:
  version "1.1.1"
  resolved "https://packages.atlassian.com/api/npm/npm-remote/ismobilejs/-/ismobilejs-1.1.1.tgz#c56ca0ae8e52b24ca0f22ba5ef3215a2ddbbaa0e"
  integrity sha512-VaFW53yt8QO61k2WJui0dHf4SlL8lxBofUuUmwBo0ljPk0Drz2TiuDW4jo3wDcv41qy/SxrJ+VAzJ/qYqsmzRw==

parse-svg-path@^0.1.2:
  version "0.1.2"
  resolved "https://packages.atlassian.com/api/npm/npm-remote/parse-svg-path/-/parse-svg-path-0.1.2.tgz#7a7ec0d1eb06fa5325c7d3e009b859a09b5d49eb"
  integrity sha512-JyPSBnkTJ0AI8GGJLfMXvKq42cj5c006fnLz6fXy6zfoVjJizi8BNTpu8on8ziI1cKy9d9DGNuY17Ce7wuejpQ==

pixi.js@^8.6.6:
  version "8.6.6"
  resolved "https://packages.atlassian.com/api/npm/npm-remote/pixi.js/-/pixi.js-8.6.6.tgz#73cc4a1f3082f2b647903cd2ba45fad266532f5d"
  integrity sha512-o5pw7G2yuIrnBx0G4npBlmFp+XGNcapI/Ufs62rRj/4XKxc1Zo74YJr/BtEXcXTraTKd+pQvYOLvnfxRjxBMvQ==
  dependencies:
    "@pixi/colord" "^2.9.6"
    "@types/css-font-loading-module" "^0.0.12"
    "@types/earcut" "^2.1.4"
    "@webgpu/types" "^0.1.40"
    "@xmldom/xmldom" "^0.8.10"
    earcut "^2.2.4"
    eventemitter3 "^5.0.1"
    ismobilejs "^1.1.1"
    parse-svg-path "^0.1.2"

tslib@^2.8.0:
  version "2.8.1"
  resolved "https://packages.atlassian.com/api/npm/npm-remote/tslib/-/tslib-2.8.1.tgz#612efe4ed235d567e8aba5f2a5fab70280ade83f"
  integrity sha512-oJFu94HQb+KVduSUQL7wnpmqnfmLsOA/nAh6b6EH0wCEoK0/mPeXU6c3wKDV83MkOuHPRHtSXKKU99IBazS/2w==

typescript@^5.7.2:
  version "5.7.2"
  resolved "https://packages.atlassian.com/api/npm/npm-remote/typescript/-/typescript-5.7.2.tgz#3169cf8c4c8a828cde53ba9ecb3d2b1d5dd67be6"
  integrity sha512-i5t66RHxDvVN40HfDd1PsEThGNnlMCMT3jMUuoh9/0TaqWevNontacunWyN02LA9/fIbEWlcHZcgTKb9QoaLfg==

undici-types@~6.20.0:
  version "6.20.0"
  resolved "https://packages.atlassian.com/api/npm/npm-remote/undici-types/-/undici-types-6.20.0.tgz#8171bf22c1f588d1554d55bf204bc624af388433"
  integrity sha512-Ny6QZ2Nju20vw1SRHe3d9jVu6gJ+4e3+MMpqu7pqE5HT6WsTSlce++GQmK5UXS8mzV8DSYHrQH+Xrf2jVcuKNg==
